{
  "name": "bedrock-agent",
  "version": "0.1.0",
  "lockfileVersion": 3,
  "requires": true,
  "packages": {
    "": {
      "name": "bedrock-agent",
      "version": "0.1.0",
      "devDependencies": {
        "@minecraft/server": "2.11.0-beta.1.26.51-stable",
        "@minecraft/server-gametest": "1.0.0-beta.1.26.51-stable",
        "@minecraft/server-net": "1.0.0-beta.1.26.51-stable",
        "typescript": "^5"
      }
    },
    "node_modules/@minecraft/server": {
      "version": "2.11.0-beta.1.26.51-stable",
      "resolved": "https://registry.npmjs.org/@minecraft/server/-/server-2.11.0-beta.1.26.51-stable.tgz",
      "integrity": "sha512-AEmpZPNW+stdTOdCCUSCWKVBUHIevDGE0hCr+XUGpZPuQQH0k9xrST1y47NuRQlw/riuQAAjA4UsG6tVjwN1jA==",
      "dev": true,
      "license": "MIT",
      "peerDependencies": {
        "@minecraft/common": "^1.2.0",
        "@minecraft/vanilla-data": ">=1.20.70"
      }
    },
    "node_modules/@minecraft/server-gametest": {
      "version": "1.0.0-beta.1.26.51-stable",
      "resolved": "https://registry.npmjs.org/@minecraft/server-gametest/-/server-gametest-1.0.0-beta.1.26.51-stable.tgz",
      "integrity": "sha512-tL/2Nz3Y1unrkZp0lg8NyOgEFwL/g5JK0IyBIwqdxKU+VKGaiCuB6Pg9dylk4gwVDZPZt1fuhwYnPxsU2CM6JQ==",
      "dev": true,
      "license": "MIT",
      "peerDependencies": {
        "@minecraft/common": "^1.0.0",
        "@minecraft/server": "^1.17.0 || ^2.0.0 || ^2.11.0-beta.1.26.51-stable"
      }
    },
    "node_modules/@minecraft/server-net": {
      "version": "1.0.0-beta.1.26.51-stable",
      "resolved": "https://registry.npmjs.org/@minecraft/server-net/-/server-net-1.0.0-beta.1.26.51-stable.tgz",
      "integrity": "sha512-bsrY5GrOp9knimvUTiSiJQYfsggLJYgRjsIugHmet2j2VyrLhM8UIjNWqpHwbui/EQUJZ5EFDUwif8DVvY10kw==",
      "dev": true,
      "license": "MIT",
      "peerDependencies": {
        "@minecraft/common": "^1.0.0",
        "@minecraft/server": "^1.17.0 || ^2.0.0",
        "@minecraft/server-admin": "^1.0.0-beta.1.26.51-stable"
      }
    },
    "node_modules/typescript": {
      "version": "5.9.3",
      "resolved": "https://registry.npmjs.org/typescript/-/typescript-5.9.3.tgz",
      "integrity": "sha512-jl1vZzPDinLr9eUt3J/t7V6FgNEw9QjvBPdysz9KfQDD41fQrC2Y4vKQdiaUpFT4bXlb1RHhLpp8wtm6M5TgSw==",
      "dev": true,
      "license": "Apache-2.0",
      "bin": {
        "tsc": "bin/tsc",
        "tsserver": "bin/tsserver"
      },
      "engines": {
        "node": ">=14.17"
      }
    }
  }
}
